
Microsoft Visual Studio Solution File, Format Version 12.00
# Visual Studio Version 17
VisualStudioVersion = 17.0.31903.59
MinimumVisualStudioVersion = 10.0.40219.1
Project("{FAE04EC0-301F-11D3-BF4B-00C04F79EFBC}") = "UserEvents.App", "UserEvents.App\UserEvents.App.csproj", "{5DC990FD-66FC-47E5-9F7E-473794C0C2F9}"
EndProject
Project("{FAE04EC0-301F-11D3-BF4B-00C04F79EFBC}") = "UserEvents.Infra", "UserEvents.Infra\UserEvents.Infra.csproj", "{0E5CC30D-B6AD-4F2C-AEE0-BF615D228C57}"
EndProject
Project("{FAE04EC0-301F-11D3-BF4B-00C04F79EFBC}") = "UserEvents.Models", "UserEvents.Models\UserEvents.Models.csproj", "{CD5A24E6-B9B2-415E-84D6-58A2D3E31DA6}"
EndProject
Global
	GlobalSection(SolutionConfigurationPlatforms) = preSolution
		Debug|Any CPU = Debug|Any CPU
		Debug|x64 = Debug|x64
		Debug|x86 = Debug|x86
		Release|Any CPU = Release|Any CPU
		Release|x64 = Release|x64
		Release|x86 = Release|x86
	EndGlobalSection
	GlobalSection(ProjectConfigurationPlatforms) = postSolution
		{5DC990FD-66FC-47E5-9F7E-473794C0C2F9}.Debug|Any CPU.ActiveCfg = Debug|Any CPU
		{5DC990FD-66FC-47E5-9F7E-473794C0C2F9}.Debug|Any CPU.Build.0 = Debug|Any CPU
		{5DC990FD-66FC-47E5-9F7E-473794C0C2F9}.Debug|x64.ActiveCfg = Debug|Any CPU
		{5DC990FD-66FC-47E5-9F7E-473794C0C2F9}.Debug|x64.Build.0 = Debug|Any CPU
		{5DC990FD-66FC-47E5-9F7E-473794C0C2F9}.Debug|x86.ActiveCfg = Debug|Any CPU
		{5DC990FD-66FC-47E5-9F7E-473794C0C2F9}.Debug|x86.Build.0 = Debug|Any CPU
		{5DC990FD-66FC-47E5-9F7E-473794C0C2F9}.Release|Any CPU.ActiveCfg = Release|Any CPU
		{5DC990FD-66FC-47E5-9F7E-473794C0C2F9}.Release|Any CPU.Build.0 = Release|Any CPU
		{5DC990FD-66FC-47E5-9F7E-473794C0C2F9}.Release|x64.ActiveCfg = Release|Any CPU
		{5DC990FD-66FC-47E5-9F7E-473794C0C2F9}.Release|x64.Build.0 = Release|Any CPU
		{5DC990FD-66FC-47E5-9F7E-473794C0C2F9}.Release|x86.ActiveCfg = Release|Any CPU
		{5DC990FD-66FC-47E5-9F7E-473794C0C2F9}.Release|x86.Build.0 = Release|Any CPU
		{0E5CC30D-B6AD-4F2C-AEE0-BF615D228C57}.Debug|Any CPU.ActiveCfg = Debug|Any CPU
		{0E5CC30D-B6AD-4F2C-AEE0-BF615D228C57}.Debug|Any CPU.Build.0 = Debug|Any CPU
		{0E5CC30D-B6AD-4F2C-AEE0-BF615D228C57}.Debug|x64.ActiveCfg = Debug|Any CPU
		{0E5CC30D-B6AD-4F2C-AEE0-BF615D228C57}.Debug|x64.Build.0 = Debug|Any CPU
		{0E5CC30D-B6AD-4F2C-AEE0-BF615D228C57}.Debug|x86.ActiveCfg = Debug|Any CPU
		{0E5CC30D-B6AD-4F2C-AEE0-BF615D228C57}.Debug|x86.Build.0 = Debug|Any CPU
		{0E5CC30D-B6AD-4F2C-AEE0-BF615D228C57}.Release|Any CPU.ActiveCfg = Release|Any CPU
		{0E5CC30D-B6AD-4F2C-AEE0-BF615D228C57}.Release|Any CPU.Build.0 = Release|Any CPU
		{0E5CC30D-B6AD-4F2C-AEE0-BF615D228C57}.Release|x64.ActiveCfg = Release|Any CPU
		{0E5CC30D-B6AD-4F2C-AEE0-BF615D228C57}.Release|x64.Build.0 = Release|Any CPU
		{0E5CC30D-B6AD-4F2C-AEE0-BF615D228C57}.Release|x86.ActiveCfg = Release|Any CPU
		{0E5CC30D-B6AD-4F2C-AEE0-BF615D228C57}.Release|x86.Build.0 = Release|Any CPU
		{CD5A24E6-B9B2-415E-84D6-58A2D3E31DA6}.Debug|Any CPU.ActiveCfg = Debug|Any CPU
		{CD5A24E6-B9B2-415E-84D6-58A2D3E31DA6}.Debug|Any CPU.Build.0 = Debug|Any CPU
		{CD5A24E6-B9B2-415E-84D6-58A2D3E31DA6}.Debug|x64.ActiveCfg = Debug|Any CPU
		{CD5A24E6-B9B2-415E-84D6-58A2D3E31DA6}.Debug|x64.Build.0 = Debug|Any CPU
		{CD5A24E6-B9B2-415E-84D6-58A2D3E31DA6}.Debug|x86.ActiveCfg = Debug|Any CPU
		{CD5A24E6-B9B2-415E-84D6-58A2D3E31DA6}.Debug|x86.Build.0 = Debug|Any CPU
		{CD5A24E6-B9B2-415E-84D6-58A2D3E31DA6}.Release|Any CPU.ActiveCfg = Release|Any CPU
		{CD5A24E6-B9B2-415E-84D6-58A2D3E31DA6}.Release|Any CPU.Build.0 = Release|Any CPU
		{CD5A24E6-B9B2-415E-84D6-58A2D3E31DA6}.Release|x64.ActiveCfg = Release|Any CPU
		{CD5A24E6-B9B2-415E-84D6-58A2D3E31DA6}.Release|x64.Build.0 = Release|Any CPU
		{CD5A24E6-B9B2-415E-84D6-58A2D3E31DA6}.Release|x86.ActiveCfg = Release|Any CPU
		{CD5A24E6-B9B2-415E-84D6-58A2D3E31DA6}.Release|x86.Build.0 = Release|Any CPU
	EndGlobalSection
	GlobalSection(SolutionProperties) = preSolution
		HideSolutionNode = FALSE
	EndGlobalSection
EndGlobal
